// !$*UTF8*$!
{
	archiveVersion = 1;
	classes = {
	};
	objectVersion = 50;
	objects = {

/* Begin PBXBuildFile section */
		6A4563142608B986001B5231 /* AppDelegate.swift in Sources */ = {isa = PBXBuildFile; fileRef = 6A4563132608B986001B5231 /* AppDelegate.swift */; };
		6A4563162608B986001B5231 /* SceneDelegate.swift in Sources */ = {isa = PBXBuildFile; fileRef = 6A4563152608B986001B5231 /* SceneDelegate.swift */; };
		6A4563182608B986001B5231 /* ViewController.swift in Sources */ = {isa = PBXBuildFile; fileRef = 6A4563172608B986001B5231 /* ViewController.swift */; };
		6A45631B2608B986001B5231 /* Main.storyboard in Resources */ = {isa = PBXBuildFile; fileRef = 6A4563192608B986001B5231 /* Main.storyboard */; };
		6A45631D2608B987001B5231 /* Assets.xcassets in Resources */ = {isa = PBXBuildFile; fileRef = 6A45631C2608B987001B5231 /* Assets.xcassets */; };
		6A4563202608B987001B5231 /* LaunchScreen.storyboard in Resources */ = {isa = PBXBuildFile; fileRef = 6A45631E2608B987001B5231 /* LaunchScreen.storyboard */; };
		6A45632B2608B987001B5231 /* Counter2021SpringTests.swift in Sources */ = {isa = PBXBuildFile; fileRef = 6A45632A2608B987001B5231 /* Counter2021SpringTests.swift */; };
		6A4563362608B987001B5231 /* Counter2021SpringUITests.swift in Sources */ = {isa = PBXBuildFile; fileRef = 6A4563352608B987001B5231 /* Counter2021SpringUITests.swift */; };
		6A4563472609E111001B5231 /* Counter.swift in Sources */ = {isa = PBXBuildFile; fileRef = 6A4563462609E111001B5231 /* Counter.swift */; };
/* End PBXBuildFile section */

/* Begin PBXContainerItemProxy section */
		6A4563272608B987001B5231 /* PBXContainerItemProxy */ = {
			isa = PBXContainerItemProxy;
			containerPortal = 6A4563082608B986001B5231 /* Project object */;
			proxyType = 1;
			remoteGlobalIDString = 6A45630F2608B986001B5231;
			remoteInfo = Counter2021Spring;
		};
		6A4563322608B987001B5231 /* PBXContainerItemProxy */ = {
			isa = PBXContainerItemProxy;
			containerPortal = 6A4563082608B986001B5231 /* Project object */;
			proxyType = 1;
			remoteGlobalIDString = 6A45630F2608B986001B5231;
			remoteInfo = Counter2021Spring;
		};
/* End PBXContainerItemProxy section */

/* Begin PBXFileReference section */
		6A4563102608B986001B5231 /* Counter2021Spring.app */ = {isa = PBXFileReference; explicitFileType = wrapper.application; includeInIndex = 0; path = Counter2021Spring.app; sourceTree = BUILT_PRODUCTS_DIR; };
		6A4563132608B986001B5231 /* AppDelegate.swift */ = {isa = PBXFileReference; lastKnownFileType = sourcecode.swift; path = AppDelegate.swift; sourceTree = "<group>"; };
		6A4563152608B986001B5231 /* SceneDelegate.swift */ = {isa = PBXFileReference; lastKnownFileType = sourcecode.swift; path = SceneDelegate.swift; sourceTree = "<group>"; };
		6A4563172608B986001B5231 /* ViewController.swift */ = {isa = PBXFileReference; lastKnownFileType = sourcecode.swift; path = ViewController.swift; sourceTree = "<group>"; };
		6A45631A2608B986001B5231 /* Base */ = {isa = PBXFileReference; lastKnownFileType = file.storyboard; name = Base; path = Base.lproj/Main.storyboard; sourceTree = "<group>"; };
		6A45631C2608B987001B5231 /* Assets.xcassets */ = {isa = PBXFileReference; lastKnownFileType = folder.assetcatalog; path = Assets.xcassets; sourceTree = "<group>"; };
		6A45631F2608B987001B5231 /* Base */ = {isa = PBXFileReference; lastKnownFileType = file.storyboard; name = Base; path = Base.lproj/LaunchScreen.storyboard; sourceTree = "<group>"; };
		6A4563212608B987001B5231 /* Info.plist */ = {isa = PBXFileReference; lastKnownFileType = text.plist.xml; path = Info.plist; sourceTree = "<group>"; };
		6A4563262608B987001B5231 /* Counter2021SpringTests.xctest */ = {isa = PBXFileReference; explicitFileType = wrapper.cfbundle; includeInIndex = 0; path = Counter2021SpringTests.xctest; sourceTree = BUILT_PRODUCTS_DIR; };
		6A45632A2608B987001B5231 /* Counter2021SpringTests.swift */ = {isa = PBXFileReference; lastKnownFileType = sourcecode.swift; path = Counter2021SpringTests.swift; sourceTree = "<group>"; };
		6A45632C2608B987001B5231 /* Info.plist */ = {isa = PBXFileReference; lastKnownFileType = text.plist.xml; path = Info.plist; sourceTree = "<group>"; };
		6A4563312608B987001B5231 /* Counter2021SpringUITests.xctest */ = {isa = PBXFileReference; explicitFileType = wrapper.cfbundle; includeInIndex = 0; path = Counter2021SpringUITests.xctest; sourceTree = BUILT_PRODUCTS_DIR; };
		6A4563352608B987001B5231 /* Counter2021SpringUITests.swift */ = {isa = PBXFileReference; lastKnownFileType = sourcecode.swift; path = Counter2021SpringUITests.swift; sourceTree = "<group>"; };
		6A4563372608B987001B5231 /* Info.plist */ = {isa = PBXFileReference; lastKnownFileType = text.plist.xml; path = Info.plist; sourceTree = "<group>"; };
		6A4563462609E111001B5231 /* Counter.swift */ = {isa = PBXFileReference; lastKnownFileType = sourcecode.swift; path = Counter.swift; sourceTree = "<group>"; };
/* End PBXFileReference section */

/* Begin PBXFrameworksBuildPhase section */
		6A45630D2608B986001B5231 /* Frameworks */ = {
			isa = PBXFrameworksBuildPhase;
			buildActionMask = 2147483647;
			files = (
			);
			runOnlyForDeploymentPostprocessing = 0;
		};
		6A4563232608B987001B5231 /* Frameworks */ = {
			isa = PBXFrameworksBuildPhase;
			buildActionMask = 2147483647;
			files = (
			);
			runOnlyForDeploymentPostprocessing = 0;
		};
		6A45632E2608B987001B5231 /* Frameworks */ = {
			isa = PBXFrameworksBuildPhase;
			buildActionMask = 2147483647;
			files = (
			);
			runOnlyForDeploymentPostprocessing = 0;
		};
/* End PBXFrameworksBuildPhase section */

/* Begin PBXGroup section */
		6A4563072608B986001B5231 = {
			isa = PBXGroup;
			children = (
				6A4563122608B986001B5231 /* Counter2021Spring */,
				6A4563292608B987001B5231 /* Counter2021SpringTests */,
				6A4563342608B987001B5231 /* Counter2021SpringUITests */,
				6A4563112608B986001B5231 /* Products */,
			);
			sourceTree = "<group>";
		};
		6A4563112608B986001B5231 /* Products */ = {
			isa = PBXGroup;
			children = (
				6A4563102608B986001B5231 /* Counter2021Spring.app */,
				6A4563262608B987001B5231 /* Counter2021SpringTests.xctest */,
				6A4563312608B987001B5231 /* Counter2021SpringUITests.xctest */,
			);
			name = Products;
			sourceTree = "<group>";
		};
		6A4563122608B986001B5231 /* Counter2021Spring */ = {
			isa = PBXGroup;
			children = (
				6A4563132608B986001B5231 /* AppDelegate.swift */,
				6A4563152608B986001B5231 /* SceneDelegate.swift */,
				6A4563172608B986001B5231 /* ViewController.swift */,
				6A4563192608B986001B5231 /* Main.storyboard */,
				6A45631C2608B987001B5231 /* Assets.xcassets */,
				6A45631E2608B987001B5231 /* LaunchScreen.storyboard */,
				6A4563212608B987001B5231 /* Info.plist */,
				6A4563462609E111001B5231 /* Counter.swift */,
			);
			path = Counter2021Spring;
			sourceTree = "<group>";
		};
		6A4563292608B987001B5231 /* Counter2021SpringTests */ = {
			isa = PBXGroup;
			children = (
				6A45632A2608B987001B5231 /* Counter2021SpringTests.swift */,
				6A45632C2608B987001B5231 /* Info.plist */,
			);
			path = Counter2021SpringTests;
			sourceTree = "<group>";
		};
		6A4563342608B987001B5231 /* Counter2021SpringUITests */ = {
			isa = PBXGroup;
			children = (
				6A4563352608B987001B5231 /* Counter2021SpringUITests.swift */,
				6A4563372608B987001B5231 /* Info.plist */,
			);
			path = Counter2021SpringUITests;
			sourceTree = "<group>";
		};
/* End PBXGroup section */

/* Begin PBXNativeTarget section */
		6A45630F2608B986001B5231 /* Counter2021Spring */ = {
			isa = PBXNativeTarget;
			buildConfigurationList = 6A45633A2608B987001B5231 /* Build configuration list for PBXNativeTarget "Counter2021Spring" */;
			buildPhases = (
				6A45630C2608B986001B5231 /* Sources */,
				6A45630D2608B986001B5231 /* Frameworks */,
				6A45630E2608B986001B5231 /* Resources */,
			);
			buildRules = (
			);
			dependencies = (
			);
			name = Counter2021Spring;
			productName = Counter2021Spring;
			productReference = 6A4563102608B986001B5231 /* Counter2021Spring.app */;
			productType = "com.apple.product-type.application";
		};
		6A4563252608B987001B5231 /* Counter2021SpringTests */ = {
			isa = PBXNativeTarget;
			buildConfigurationList = 6A45633D2608B987001B5231 /* Build configuration list for PBXNativeTarget "Counter2021SpringTests" */;
			buildPhases = (
				6A4563222608B987001B5231 /* Sources */,
				6A4563232608B987001B5231 /* Frameworks */,
				6A4563242608B987001B5231 /* Resources */,
			);
			buildRules = (
			);
			dependencies = (
				6A4563282608B987001B5231 /* PBXTargetDependency */,
			);
			name = Counter2021SpringTests;
			productName = Counter2021SpringTests;
			productReference = 6A4563262608B987001B5231 /* Counter2021SpringTests.xctest */;
			productType = "com.apple.product-type.bundle.unit-test";
		};
		6A4563302608B987001B5231 /* Counter2021SpringUITests */ = {
			isa = PBXNativeTarget;
			buildConfigurationList = 6A4563402608B987001B5231 /* Build configuration list for PBXNativeTarget "Counter2021SpringUITests" */;
			buildPhases = (
				6A45632D2608B987001B5231 /* Sources */,
				6A45632E2608B987001B5231 /* Frameworks */,
				6A45632F2608B987001B5231 /* Resources */,
			);
			buildRules = (
			);
			dependencies = (
				6A4563332608B987001B5231 /* PBXTargetDependency */,
			);
			name = Counter2021SpringUITests;
			productName = Counter2021SpringUITests;
			productReference = 6A4563312608B987001B5231 /* Counter2021SpringUITests.xctest */;
			productType = "com.apple.product-type.bundle.ui-testing";
		};
/* End PBXNativeTarget section */

/* Begin PBXProject section */
		6A4563082608B986001B5231 /* Project object */ = {
			isa = PBXProject;
			attributes = {
				LastSwiftUpdateCheck = 1240;
				LastUpgradeCheck = 1240;
				TargetAttributes = {
					6A45630F2608B986001B5231 = {
						CreatedOnToolsVersion = 12.4;
					};
					6A4563252608B987001B5231 = {
						CreatedOnToolsVersion = 12.4;
						TestTargetID = 6A45630F2608B986001B5231;
					};
					6A4563302608B987001B5231 = {
						CreatedOnToolsVersion = 12.4;
						TestTargetID = 6A45630F2608B986001B5231;
					};
				};
			};
			buildConfigurationList = 6A45630B2608B986001B5231 /* Build configuration list for PBXProject "Counter2021Spring" */;
			compatibilityVersion = "Xcode 9.3";
			developmentRegion = en;
			hasScannedForEncodings = 0;
			knownRegions = (
				en,
				Base,
			);
			mainGroup = 6A4563072608B986001B5231;
			productRefGroup = 6A4563112608B986001B5231 /* Products */;
			projectDirPath = "";
			projectRoot = "";
			targets = (
				6A45630F2608B986001B5231 /* Counter2021Spring */,
				6A4563252608B987001B5231 /* Counter2021SpringTests */,
				6A4563302608B987001B5231 /* Counter2021SpringUITests */,
			);
		};
/* End PBXProject section */

/* Begin PBXResourcesBuildPhase section */
		6A45630E2608B986001B5231 /* Resources */ = {
			isa = PBXResourcesBuildPhase;
			buildActionMask = 2147483647;
			files = (
				6A4563202608B987001B5231 /* LaunchScreen.storyboard in Resources */,
				6A45631D2608B987001B5231 /* Assets.xcassets in Resources */,
				6A45631B2608B986001B5231 /* Main.storyboard in Resources */,
			);
			runOnlyForDeploymentPostprocessing = 0;
		};
		6A4563242608B987001B5231 /* Resources */ = {
			isa = PBXResourcesBuildPhase;
			buildActionMask = 2147483647;
			files = (
			);
			runOnlyForDeploymentPostprocessing = 0;
		};
		6A45632F2608B987001B5231 /* Resources */ = {
			isa = PBXResourcesBuildPhase;
			buildActionMask = 2147483647;
			files = (
			);
			runOnlyForDeploymentPostprocessing = 0;
		};
/* End PBXResourcesBuildPhase section */

/* Begin PBXSourcesBuildPhase section */
		6A45630C2608B986001B5231 /* Sources */ = {
			isa = PBXSourcesBuildPhase;
			buildActionMask = 2147483647;
			files = (
				6A4563472609E111001B5231 /* Counter.swift in Sources */,
				6A4563182608B986001B5231 /* ViewController.swift in Sources */,
				6A4563142608B986001B5231 /* AppDelegate.swift in Sources */,
				6A4563162608B986001B5231 /* SceneDelegate.swift in Sources */,
			);
			runOnlyForDeploymentPostprocessing = 0;
		};
		6A4563222608B987001B5231 /* Sources */ = {
			isa = PBXSourcesBuildPhase;
			buildActionMask = 2147483647;
			files = (
				6A45632B2608B987001B5231 /* Counter2021SpringTests.swift in Sources */,
			);
			runOnlyForDeploymentPostprocessing = 0;
		};
		6A45632D2608B987001B5231 /* Sources */ = {
			isa = PBXSourcesBuildPhase;
			buildActionMask = 2147483647;
			files = (
				6A4563362608B987001B5231 /* Counter2021SpringUITests.swift in Sources */,
			);
			runOnlyForDeploymentPostprocessing = 0;
		};
/* End PBXSourcesBuildPhase section */

/* Begin PBXTargetDependency section */
		6A4563282608B987001B5231 /* PBXTargetDependency */ = {
			isa = PBXTargetDependency;
			target = 6A45630F2608B986001B5231 /* Counter2021Spring */;
			targetProxy = 6A4563272608B987001B5231 /* PBXContainerItemProxy */;
		};
		6A4563332608B987001B5231 /* PBXTargetDependency */ = {
			isa = PBXTargetDependency;
			target = 6A45630F2608B986001B5231 /* Counter2021Spring */;
			targetProxy = 6A4563322608B987001B5231 /* PBXContainerItemProxy */;
		};
/* End PBXTargetDependency section */

/* Begin PBXVariantGroup section */
		6A4563192608B986001B5231 /* Main.storyboard */ = {
			isa = PBXVariantGroup;
			children = (
				6A45631A2608B986001B5231 /* Base */,
			);
			name = Main.storyboard;
			sourceTree = "<group>";
		};
		6A45631E2608B987001B5231 /* LaunchScreen.storyboard */ = {
			isa = PBXVariantGroup;
			children = (
				6A45631F2608B987001B5231 /* Base */,
			);
			name = LaunchScreen.storyboard;
			sourceTree = "<group>";
		};
/* End PBXVariantGroup section */

/* Begin XCBuildConfiguration section */
		6A4563382608B987001B5231 /* Debug */ = {
			isa = XCBuildConfiguration;
			buildSettings = {
				ALWAYS_SEARCH_USER_PATHS = NO;
				CLANG_ANALYZER_NONNULL = YES;
				CLANG_ANALYZER_NUMBER_OBJECT_CONVERSION = YES_AGGRESSIVE;
				CLANG_CXX_LANGUAGE_STANDARD = "gnu++14";
				CLANG_CXX_LIBRARY = "libc++";
				CLANG_ENABLE_MODULES = YES;
				CLANG_ENABLE_OBJC_ARC = YES;
				CLANG_ENABLE_OBJC_WEAK = YES;
				CLANG_WARN_BLOCK_CAPTURE_AUTORELEASING = YES;
				CLANG_WARN_BOOL_CONVERSION = YES;
				CLANG_WARN_COMMA = YES;
				CLANG_WARN_CONSTANT_CONVERSION = YES;
				CLANG_WARN_DEPRECATED_OBJC_IMPLEMENTATIONS = YES;
				CLANG_WARN_DIRECT_OBJC_ISA_USAGE = YES_ERROR;
				CLANG_WARN_DOCUMENTATION_COMMENTS = YES;
				CLANG_WARN_EMPTY_BODY = YES;
				CLANG_WARN_ENUM_CONVERSION = YES;
				CLANG_WARN_INFINITE_RECURSION = YES;
				CLANG_WARN_INT_CONVERSION = YES;
				CLANG_WARN_NON_LITERAL_NULL_CONVERSION = YES;
				CLANG_WARN_OBJC_IMPLICIT_RETAIN_SELF = YES;
				CLANG_WARN_OBJC_LITERAL_CONVERSION = YES;
				CLANG_WARN_OBJC_ROOT_CLASS = YES_ERROR;
				CLANG_WARN_QUOTED_INCLUDE_IN_FRAMEWORK_HEADER = YES;
				CLANG_WARN_RANGE_LOOP_ANALYSIS = YES;
				CLANG_WARN_STRICT_PROTOTYPES = YES;
				CLANG_WARN_SUSPICIOUS_MOVE = YES;
				CLANG_WARN_UNGUARDED_AVAILABILITY = YES_AGGRESSIVE;
				CLANG_WARN_UNREACHABLE_CODE = YES;
				CLANG_WARN__DUPLICATE_METHOD_MATCH = YES;
				COPY_PHASE_STRIP = NO;
				DEBUG_INFORMATION_FORMAT = dwarf;
				ENABLE_STRICT_OBJC_MSGSEND = YES;
				ENABLE_TESTABILITY = YES;
				GCC_C_LANGUAGE_STANDARD = gnu11;
				GCC_DYNAMIC_NO_PIC = NO;
				GCC_NO_COMMON_BLOCKS = YES;
				GCC_OPTIMIZATION_LEVEL = 0;
				GCC_PREPROCESSOR_DEFINITIONS = (
					"DEBUG=1",
					"$(inherited)",
				);
				GCC_WARN_64_TO_32_BIT_CONVERSION = YES;
				GCC_WARN_ABOUT_RETURN_TYPE = YES_ERROR;
				GCC_WARN_UNDECLARED_SELECTOR = YES;
				GCC_WARN_UNINITIALIZED_AUTOS = YES_AGGRESSIVE;
				GCC_WARN_UNUSED_FUNCTION = YES;
				GCC_WARN_UNUSED_VARIABLE = YES;
				IPHONEOS_DEPLOYMENT_TARGET = 14.4;
				MTL_ENABLE_DEBUG_INFO = INCLUDE_SOURCE;
				MTL_FAST_MATH = YES;
				ONLY_ACTIVE_ARCH = YES;
				SDKROOT = iphoneos;
				SWIFT_ACTIVE_COMPILATION_CONDITIONS = DEBUG;
				SWIFT_OPTIMIZATION_LEVEL = "-Onone";
			};
			name = Debug;
		};
		6A4563392608B987001B5231 /* Release */ = {
			isa = XCBuildConfiguration;
			buildSettings = {
				ALWAYS_SEARCH_USER_PATHS = NO;
				CLANG_ANALYZER_NONNULL = YES;
				CLANG_ANALYZER_NUMBER_OBJECT_CONVERSION = YES_AGGRESSIVE;
				CLANG_CXX_LANGUAGE_STANDARD = "gnu++14";
				CLANG_CXX_LIBRARY = "libc++";
				CLANG_ENABLE_MODULES = YES;
				CLANG_ENABLE_OBJC_ARC = YES;
				CLANG_ENABLE_OBJC_WEAK = YES;
				CLANG_WARN_BLOCK_CAPTURE_AUTORELEASING = YES;
				CLANG_WARN_BOOL_CONVERSION = YES;
				CLANG_WARN_COMMA = YES;
				CLANG_WARN_CONSTANT_CONVERSION = YES;
				CLANG_WARN_DEPRECATED_OBJC_IMPLEMENTATIONS = YES;
				CLANG_WARN_DIRECT_OBJC_ISA_USAGE = YES_ERROR;
				CLANG_WARN_DOCUMENTATION_COMMENTS = YES;
				CLANG_WARN_EMPTY_BODY = YES;
				CLANG_WARN_ENUM_CONVERSION = YES;
				CLANG_WARN_INFINITE_RECURSION = YES;
				CLANG_WARN_INT_CONVERSION = YES;
				CLANG_WARN_NON_LITERAL_NULL_CONVERSION = YES;
				CLANG_WARN_OBJC_IMPLICIT_RETAIN_SELF = YES;
				CLANG_WARN_OBJC_LITERAL_CONVERSION = YES;
				CLANG_WARN_OBJC_ROOT_CLASS = YES_ERROR;
				CLANG_WARN_QUOTED_INCLUDE_IN_FRAMEWORK_HEADER = YES;
				CLANG_WARN_RANGE_LOOP_ANALYSIS = YES;
				CLANG_WARN_STRICT_PROTOTYPES = YES;
				CLANG_WARN_SUSPICIOUS_MOVE = YES;
				CLANG_WARN_UNGUARDED_AVAILABILITY = YES_AGGRESSIVE;
				CLANG_WARN_UNREACHABLE_CODE = YES;
				CLANG_WARN__DUPLICATE_METHOD_MATCH = YES;
				COPY_PHASE_STRIP = NO;
				DEBUG_INFORMATION_FORMAT = "dwarf-with-dsym";
				ENABLE_NS_ASSERTIONS = NO;
				ENABLE_STRICT_OBJC_MSGSEND = YES;
				GCC_C_LANGUAGE_STANDARD = gnu11;
				GCC_NO_COMMON_BLOCKS = YES;
				GCC_WARN_64_TO_32_BIT_CONVERSION = YES;
				GCC_WARN_ABOUT_RETURN_TYPE = YES_ERROR;
				GCC_WARN_UNDECLARED_SELECTOR = YES;
				GCC_WARN_UNINITIALIZED_AUTOS = YES_AGGRESSIVE;
				GCC_WARN_UNUSED_FUNCTION = YES;
				GCC_WARN_UNUSED_VARIABLE = YES;
				IPHONEOS_DEPLOYMENT_TARGET = 14.4;
				MTL_ENABLE_DEBUG_INFO = NO;
				MTL_FAST_MATH = YES;
				SDKROOT = iphoneos;
				SWIFT_COMPILATION_MODE = wholemodule;
				SWIFT_OPTIMIZATION_LEVEL = "-O";
				VALIDATE_PRODUCT = YES;
			};
			name = Release;
		};
		6A45633B2608B987001B5231 /* Debug */ = {
			isa = XCBuildConfiguration;
			buildSettings = {
				ASSETCATALOG_COMPILER_APPICON_NAME = AppIcon;
				ASSETCATALOG_COMPILER_GLOBAL_ACCENT_COLOR_NAME = AccentColor;
				CODE_SIGN_STYLE = Automatic;
				INFOPLIST_FILE = Counter2021Spring/Info.plist;
				LD_RUNPATH_SEARCH_PATHS = (
					"$(inherited)",
					"@executable_path/Frameworks",
				);
				PRODUCT_BUNDLE_IDENTIFIER = fi.metropolia.Counter2021Spring;
				PRODUCT_NAME = "$(TARGET_NAME)";
				SWIFT_VERSION = 5.0;
				TARGETED_DEVICE_FAMILY = "1,2";
			};
			name = Debug;
		};
		6A45633C2608B987001B5231 /* Release */ = {
			isa = XCBuildConfiguration;
			buildSettings = {
				ASSETCATALOG_COMPILER_APPICON_NAME = AppIcon;
				ASSETCATALOG_COMPILER_GLOBAL_ACCENT_COLOR_NAME = AccentColor;
				CODE_SIGN_STYLE = Automatic;
				INFOPLIST_FILE = Counter2021Spring/Info.plist;
				LD_RUNPATH_SEARCH_PATHS = (
					"$(inherited)",
					"@executable_path/Frameworks",
				);
				PRODUCT_BUNDLE_IDENTIFIER = fi.metropolia.Counter2021Spring;
				PRODUCT_NAME = "$(TARGET_NAME)";
				SWIFT_VERSION = 5.0;
				TARGETED_DEVICE_FAMILY = "1,2";
			};
			name = Release;
		};
		6A45633E2608B987001B5231 /* Debug */ = {
			isa = XCBuildConfiguration;
			buildSettings = {
				ALWAYS_EMBED_SWIFT_STANDARD_LIBRARIES = YES;
				BUNDLE_LOADER = "$(TEST_HOST)";
				CODE_SIGN_STYLE = Automatic;
				INFOPLIST_FILE = Counter2021SpringTests/Info.plist;
				IPHONEOS_DEPLOYMENT_TARGET = 14.4;
				LD_RUNPATH_SEARCH_PATHS = (
					"$(inherited)",
					"@executable_path/Frameworks",
					"@loader_path/Frameworks",
				);
				PRODUCT_BUNDLE_IDENTIFIER = fi.metropolia.Counter2021SpringTests;
				PRODUCT_NAME = "$(TARGET_NAME)";
				SWIFT_VERSION = 5.0;
				TARGETED_DEVICE_FAMILY = "1,2";
				TEST_HOST = "$(BUILT_PRODUCTS_DIR)/Counter2021Spring.app/Counter2021Spring";
			};
			name = Debug;
		};
		6A45633F2608B987001B5231 /* Release */ = {
			isa = XCBuildConfiguration;
			buildSettings = {
				ALWAYS_EMBED_SWIFT_STANDARD_LIBRARIES = YES;
				BUNDLE_LOADER = "$(TEST_HOST)";
				CODE_SIGN_STYLE = Automatic;
				INFOPLIST_FILE = Counter2021SpringTests/Info.plist;
				IPHONEOS_DEPLOYMENT_TARGET = 14.4;
				LD_RUNPATH_SEARCH_PATHS = (
					"$(inherited)",
					"@executable_path/Frameworks",
					"@loader_path/Frameworks",
				);
				PRODUCT_BUNDLE_IDENTIFIER = fi.metropolia.Counter2021SpringTests;
				PRODUCT_NAME = "$(TARGET_NAME)";
				SWIFT_VERSION = 5.0;
				TARGETED_DEVICE_FAMILY = "1,2";
				TEST_HOST = "$(BUILT_PRODUCTS_DIR)/Counter2021Spring.app/Counter2021Spring";
			};
			name = Release;
		};
		6A4563412608B987001B5231 /* Debug */ = {
			isa = XCBuildConfiguration;
			buildSettings = {
				ALWAYS_EMBED_SWIFT_STANDARD_LIBRARIES = YES;
				CODE_SIGN_STYLE = Automatic;
				INFOPLIST_FILE = Counter2021SpringUITests/Info.plist;
				LD_RUNPATH_SEARCH_PATHS = (
					"$(inherited)",
					"@executable_path/Frameworks",
					"@loader_path/Frameworks",
				);
				PRODUCT_BUNDLE_IDENTIFIER = fi.metropolia.Counter2021SpringUITests;
				PRODUCT_NAME = "$(TARGET_NAME)";
				SWIFT_VERSION = 5.0;
				TARGETED_DEVICE_FAMILY = "1,2";
				TEST_TARGET_NAME = Counter2021Spring;
			};
			name = Debug;
		};
		6A4563422608B987001B5231 /* Release */ = {
			isa = XCBuildConfiguration;
			buildSettings = {
				ALWAYS_EMBED_SWIFT_STANDARD_LIBRARIES = YES;
				CODE_SIGN_STYLE = Automatic;
				INFOPLIST_FILE = Counter2021SpringUITests/Info.plist;
				LD_RUNPATH_SEARCH_PATHS = (
					"$(inherited)",
					"@executable_path/Frameworks",
					"@loader_path/Frameworks",
				);
				PRODUCT_BUNDLE_IDENTIFIER = fi.metropolia.Counter2021SpringUITests;
				PRODUCT_NAME = "$(TARGET_NAME)";
				SWIFT_VERSION = 5.0;
				TARGETED_DEVICE_FAMILY = "1,2";
				TEST_TARGET_NAME = Counter2021Spring;
			};
			name = Release;
		};
/* End XCBuildConfiguration section */

/* Begin XCConfigurationList section */
		6A45630B2608B986001B5231 /* Build configuration list for PBXProject "Counter2021Spring" */ = {
			isa = XCConfigurationList;
			buildConfigurations = (
				6A4563382608B987001B5231 /* Debug */,
				6A4563392608B987001B5231 /* Release */,
			);
			defaultConfigurationIsVisible = 0;
			defaultConfigurationName = Release;
		};
		6A45633A2608B987001B5231 /* Build configuration list for PBXNativeTarget "Counter2021Spring" */ = {
			isa = XCConfigurationList;
			buildConfigurations = (
				6A45633B2608B987001B5231 /* Debug */,
				6A45633C2608B987001B5231 /* Release */,
			);
			defaultConfigurationIsVisible = 0;
			defaultConfigurationName = Release;
		};
		6A45633D2608B987001B5231 /* Build configuration list for PBXNativeTarget "Counter2021SpringTests" */ = {
			isa = XCConfigurationList;
			buildConfigurations = (
				6A45633E2608B987001B5231 /* Debug */,
				6A45633F2608B987001B5231 /* Release */,
			);
			defaultConfigurationIsVisible = 0;
			defaultConfigurationName = Release;
		};
		6A4563402608B987001B5231 /* Build configuration list for PBXNativeTarget "Counter2021SpringUITests" */ = {
			isa = XCConfigurationList;
			buildConfigurations = (
				6A4563412608B987001B5231 /* Debug */,
				6A4563422608B987001B5231 /* Release */,
			);
			defaultConfigurationIsVisible = 0;
			defaultConfigurationName = Release;
		};
/* End XCConfigurationList section */
	};
	rootObject = 6A4563082608B986001B5231 /* Project object */;
}
